<?xml version="1.0" encoding="utf-8"?>
<Project ToolsVersion="4.0" xmlns="http://schemas.microsoft.com/developer/msbuild/2003">
  <ItemGroup>
    <Filter Include="Source Files">
      <UniqueIdentifier>{4FC737F1-C7A5-4376-A066-2A32D752A2FF}</UniqueIdentifier>
      <Extensions>cpp;c;cc;cxx;def;odl;idl;hpj;bat;asm;asmx</Extensions>
    </Filter>
    <Filter Include="Header Files">
      <UniqueIdentifier>{93995380-89BD-4b04-88EB-625FBE52EBFB}</UniqueIdentifier>
      <Extensions>h;hh;hpp;hxx;hm;inl;inc;xsd</Extensions>
    </Filter>
    <Filter Include="Resource Files">
      <UniqueIdentifier>{67DA6AB6-F800-4c08-8B7A-83BB121AAD01}</UniqueIdentifier>
      <Extensions>rc;ico;cur;bmp;dlg;rc2;rct;bin;rgs;gif;jpg;jpeg;jpe;resx;tiff;tif;png;wav;mfcribbon-ms</Extensions>
    </Filter>
    <Filter Include="Header Files\DX12">
      <UniqueIdentifier>{3d2dd0a0-068d-4054-96e2-a2acf97c59b7}</UniqueIdentifier>
    </Filter>
    <Filter Include="Source Files\DX12">
      <UniqueIdentifier>{29c0a7d2-0808-453c-8be3-0df79ef55327}</UniqueIdentifier>
    </Filter>
    <Filter Include="Source Files\Game">
      <UniqueIdentifier>{014da348-18ff-498d-9a0e-b08e1e4a6f24}</UniqueIdentifier>
    </Filter>
    <Filter Include="Header Files\Game">
      <UniqueIdentifier>{a372c1ad-bd63-4c6c-8d80-d13987fbd013}</UniqueIdentifier>
    </Filter>
    <Filter Include="Resource Files\Shaders">
      <UniqueIdentifier>{b7083b0a-8f2e-463d-a8c5-e40542779e02}</UniqueIdentifier>
    </Filter>
    <Filter Include="Resource Files\Icon">
      <UniqueIdentifier>{d718eeac-b874-4504-8c31-94cf00d632ef}</UniqueIdentifier>
    </Filter>
    <Filter Include="Resource Files\Resources">
      <UniqueIdentifier>{f4ebb7aa-5008-4d7f-b491-e636c752ce80}</UniqueIdentifier>
    </Filter>
    <Filter Include="Lib">
      <UniqueIdentifier>{1ce74116-253d-47bf-a311-a98d6b481269}</UniqueIdentifier>
    </Filter>
    <Filter Include="Lib\TinyObjLoader">
      <UniqueIdentifier>{cd65e061-84f0-4d89-9691-72f24a804238}</UniqueIdentifier>
    </Filter>
    <Filter Include="Resource Files\Obj">
      <UniqueIdentifier>{f6d7d661-ffbd-4cba-87ce-0e7c964f8932}</UniqueIdentifier>
    </Filter>
  </ItemGroup>
  <ItemGroup>
    <ClCompile Include="DX12Camera.cpp">
      <Filter>Source Files\DX12</Filter>
    </ClCompile>
    <ClCompile Include="DX12Mesh.cpp">
      <Filter>Source Files\DX12</Filter>
    </ClCompile>
    <ClCompile Include="DX12RenderEngine.cpp">
      <Filter>Source Files\DX12</Filter>
    </ClCompile>
    <ClCompile Include="DX12Shader.cpp">
      <Filter>Source Files\DX12</Filter>
    </ClCompile>
    <ClCompile Include="DX12Window.cpp">
      <Filter>Source Files\DX12</Filter>
    </ClCompile>
    <ClCompile Include="main.cpp">
      <Filter>Source Files</Filter>
    </ClCompile>
    <ClCompile Include="GameObject.cpp">
      <Filter>Source Files\Game</Filter>
    </ClCompile>
    <ClCompile Include="GameScene.cpp">
      <Filter>Source Files\Game</Filter>
    </ClCompile>
    <ClCompile Include="DX12ConstantBuffer.cpp">
      <Filter>Source Files\DX12</Filter>
    </ClCompile>
    <ClCompile Include="Transform.cpp">
      <Filter>Source Files\Game</Filter>
    </ClCompile>
    <ClCompile Include="lib\tinyobjloader\tiny_obj_loader.cc">
      <Filter>Lib\TinyObjLoader</Filter>
    </ClCompile>
    <ClCompile Include="Clock.cpp">
      <Filter>Source Files\Game</Filter>
    </ClCompile>
    <ClCompile Include="DX12MeshBuffer.cpp">
      <Filter>Source Files\DX12</Filter>
    </ClCompile>
    <ClCompile Include="DX12Utils.cpp">
      <Filter>Source Files\DX12</Filter>
    </ClCompile>
  </ItemGroup>
  <ItemGroup>
    <ClInclude Include="d3dx12.h">
      <Filter>Header Files\DX12</Filter>
    </ClInclude>
    <ClInclude Include="DX12Camera.h">
      <Filter>Header Files\DX12</Filter>
    </ClInclude>
    <ClInclude Include="DX12Mesh.h">
      <Filter>Header Files\DX12</Filter>
    </ClInclude>
    <ClInclude Include="DX12RenderEngine.h">
      <Filter>Header Files\DX12</Filter>
    </ClInclude>
    <ClInclude Include="DX12Shader.h">
      <Filter>Header Files\DX12</Filter>
    </ClInclude>
    <ClInclude Include="DX12Window.h">
      <Filter>Header Files\DX12</Filter>
    </ClInclude>
    <ClInclude Include="GameObject.h">
      <Filter>Header Files\Game</Filter>
    </ClInclude>
    <ClInclude Include="GameScene.h">
      <Filter>Header Files\Game</Filter>
    </ClInclude>
    <ClInclude Include="DX12ConstantBuffer.h">
      <Filter>Header Files\DX12</Filter>
    </ClInclude>
    <ClInclude Include="DX12Utils.h">
      <Filter>Header Files\DX12</Filter>
    </ClInclude>
    <ClInclude Include="Transform.h">
      <Filter>Header Files\Game</Filter>
    </ClInclude>
    <ClInclude Include="resource.h">
      <Filter>Resource Files\Resources</Filter>
    </ClInclude>
    <ClInclude Include="lib\tinyobjloader\tiny_obj_loader.h">
      <Filter>Lib\TinyObjLoader</Filter>
    </ClInclude>
    <ClInclude Include="Utils.h">
      <Filter>Header Files\Game</Filter>
    </ClInclude>
    <ClInclude Include="Clock.h">
      <Filter>Header Files\Game</Filter>
    </ClInclude>
    <ClInclude Include="DX12MeshBuffer.h">
      <Filter>Header Files\DX12</Filter>
    </ClInclude>
  </ItemGroup>
  <ItemGroup>
    <FxCompile Include="PixelShader.hlsl">
      <Filter>Resource Files\Shaders</Filter>
    </FxCompile>
    <FxCompile Include="VertexShader.hlsl">
      <Filter>Resource Files\Shaders</Filter>
    </FxCompile>
  </ItemGroup>
  <ItemGroup>
    <Image Include="icon.ico">
      <Filter>Resource Files\Icon</Filter>
    </Image>
  </ItemGroup>
  <ItemGroup>
    <ResourceCompile Include="DX12_Sampler.rc">
      <Filter>Resource Files\Resources</Filter>
    </ResourceCompile>
  </ItemGroup>
  <ItemGroup>
    <Object Include="resources\obj\lowpolytree.obj">
      <Filter>Resource Files\Obj</Filter>
    </Object>
  </ItemGroup>
</Project>