<?xml version="1.0" encoding="utf-8"?>
<Project ToolsVersion="4.0" xmlns="http://schemas.microsoft.com/developer/msbuild/2003">
  <ItemGroup>
    <Filter Include="Source Files">
      <UniqueIdentifier>{4FC737F1-C7A5-4376-A066-2A32D752A2FF}</UniqueIdentifier>
      <Extensions>cpp;c;cc;cxx;def;odl;idl;hpj;bat;asm;asmx</Extensions>
    </Filter>
    <Filter Include="Header Files">
      <UniqueIdentifier>{93995380-89BD-4b04-88EB-625FBE52EBFB}</UniqueIdentifier>
      <Extensions>h;hh;hpp;hxx;hm;inl;inc;xsd</Extensions>
    </Filter>
    <Filter Include="Resource Files">
      <UniqueIdentifier>{67DA6AB6-F800-4c08-8B7A-83BB121AAD01}</UniqueIdentifier>
      <Extensions>rc;ico;cur;bmp;dlg;rc2;rct;bin;rgs;gif;jpg;jpeg;jpe;resx;tiff;tif;png;wav;mfcribbon-ms</Extensions>
    </Filter>
    <Filter Include="Header Files\DX12">
      <UniqueIdentifier>{3d2dd0a0-068d-4054-96e2-a2acf97c59b7}</UniqueIdentifier>
    </Filter>
    <Filter Include="Source Files\DX12">
      <UniqueIdentifier>{29c0a7d2-0808-453c-8be3-0df79ef55327}</UniqueIdentifier>
    </Filter>
    <Filter Include="Source Files\Game">
      <UniqueIdentifier>{014da348-18ff-498d-9a0e-b08e1e4a6f24}</UniqueIdentifier>
    </Filter>
    <Filter Include="Header Files\Game">
      <UniqueIdentifier>{a372c1ad-bd63-4c6c-8d80-d13987fbd013}</UniqueIdentifier>
    </Filter>
    <Filter Include="Resource Files\Shaders">
      <UniqueIdentifier>{b7083b0a-8f2e-463d-a8c5-e40542779e02}</UniqueIdentifier>
    </Filter>
    <Filter Include="Resource Files\Icon">
      <UniqueIdentifier>{d718eeac-b874-4504-8c31-94cf00d632ef}</UniqueIdentifier>
    </Filter>
    <Filter Include="Resource Files\Resources">
      <UniqueIdentifier>{f4ebb7aa-5008-4d7f-b491-e636c752ce80}</UniqueIdentifier>
    </Filter>
    <Filter Include="Lib">
      <UniqueIdentifier>{1ce74116-253d-47bf-a311-a98d6b481269}</UniqueIdentifier>
    </Filter>
    <Filter Include="Lib\TinyObjLoader">
      <UniqueIdentifier>{cd65e061-84f0-4d89-9691-72f24a804238}</UniqueIdentifier>
    </Filter>
    <Filter Include="Resource Files\Obj">
      <UniqueIdentifier>{f6d7d661-ffbd-4cba-87ce-0e7c964f8932}</UniqueIdentifier>
    </Filter>
    <Filter Include="Resource Files\Textures">
      <UniqueIdentifier>{70655fad-333f-4204-bf9a-3e07e03cac2b}</UniqueIdentifier>
    </Filter>
    <Filter Include="Resource Files\Fonts">
      <UniqueIdentifier>{cc447125-4554-4896-964d-8a67c5734530}</UniqueIdentifier>
    </Filter>
    <Filter Include="Resource Files\Shaders\Text">
      <UniqueIdentifier>{a9a52a30-e568-445a-a371-43a35ea60c52}</UniqueIdentifier>
    </Filter>
    <Filter Include="Header Files\Engine">
      <UniqueIdentifier>{16f53298-5a74-45fb-adf4-419ff4475a77}</UniqueIdentifier>
    </Filter>
    <Filter Include="Source Files\Engine">
      <UniqueIdentifier>{96c11660-ad29-42ab-a63e-d770b1e0f985}</UniqueIdentifier>
    </Filter>
    <Filter Include="Header Files\Game\Components">
      <UniqueIdentifier>{fd896e92-c245-4da9-9264-5012d4a39039}</UniqueIdentifier>
    </Filter>
    <Filter Include="Source Files\Game\Components">
      <UniqueIdentifier>{215b6c0b-d412-4b2f-9015-44d94e15579c}</UniqueIdentifier>
    </Filter>
    <Filter Include="Source Files\UI">
      <UniqueIdentifier>{08251dc1-fd5c-46a7-8df2-63de7402484f}</UniqueIdentifier>
    </Filter>
    <Filter Include="Header Files\UI">
      <UniqueIdentifier>{0700e06b-467a-4e9e-a717-c8f781a88f0e}</UniqueIdentifier>
    </Filter>
    <Filter Include="Resource Files\Shaders\Lib">
      <UniqueIdentifier>{f87fe18e-e814-4eb0-8c23-befc7960e620}</UniqueIdentifier>
    </Filter>
    <Filter Include="Resource Files\Shaders\Default">
      <UniqueIdentifier>{d5ba787a-102e-4290-bd9a-82179be14af5}</UniqueIdentifier>
    </Filter>
    <Filter Include="Lib\ImGui">
      <UniqueIdentifier>{eec23cb5-11c6-41c3-a036-ff0ce572d032}</UniqueIdentifier>
    </Filter>
    <Filter Include="Lib\ImGui\ExtraFonts">
      <UniqueIdentifier>{f8ffcc17-7320-4006-871f-19a176ef8fa2}</UniqueIdentifier>
    </Filter>
    <Filter Include="Resource Files\Shaders\ImGui">
      <UniqueIdentifier>{85fc765a-f89b-4c26-bcb0-148e9513e0c3}</UniqueIdentifier>
    </Filter>
    <Filter Include="Resource Files\Shaders\Forward">
      <UniqueIdentifier>{42fa381b-47f6-452e-8fba-12c6346d2593}</UniqueIdentifier>
    </Filter>
    <Filter Include="Source Files\Editor">
      <UniqueIdentifier>{68688b01-7b69-48c7-aed3-fd9242717c8b}</UniqueIdentifier>
    </Filter>
    <Filter Include="Header Files\Editor">
      <UniqueIdentifier>{552584b7-bd9e-4e3e-822b-bbedf5a61deb}</UniqueIdentifier>
    </Filter>
  </ItemGroup>
  <ItemGroup>
    <ClCompile Include="lib\tinyobjloader\tiny_obj_loader.cc">
      <Filter>Lib\TinyObjLoader</Filter>
    </ClCompile>
    <ClCompile Include="src\dx12\DX12Shader.cpp">
      <Filter>Source Files\DX12</Filter>
    </ClCompile>
    <ClCompile Include="src\dx12\DX12Text.cpp">
      <Filter>Source Files\DX12</Filter>
    </ClCompile>
    <ClCompile Include="src\dx12\DX12Texture.cpp">
      <Filter>Source Files\DX12</Filter>
    </ClCompile>
    <ClCompile Include="src\dx12\DX12Utils.cpp">
      <Filter>Source Files\DX12</Filter>
    </ClCompile>
    <ClCompile Include="src\dx12\DX12ConstantBuffer.cpp">
      <Filter>Source Files\DX12</Filter>
    </ClCompile>
    <ClCompile Include="src\dx12\DX12Font.cpp">
      <Filter>Source Files\DX12</Filter>
    </ClCompile>
    <ClCompile Include="src\dx12\DX12Material.cpp">
      <Filter>Source Files\DX12</Filter>
    </ClCompile>
    <ClCompile Include="src\dx12\DX12Mesh.cpp">
      <Filter>Source Files\DX12</Filter>
    </ClCompile>
    <ClCompile Include="src\dx12\DX12MeshBuffer.cpp">
      <Filter>Source Files\DX12</Filter>
    </ClCompile>
    <ClCompile Include="src\dx12\DX12RenderEngine.cpp">
      <Filter>Source Files\DX12</Filter>
    </ClCompile>
    <ClCompile Include="src\engine\Engine.cpp">
      <Filter>Source Files\Engine</Filter>
    </ClCompile>
    <ClCompile Include="src\engine\Transform.cpp">
      <Filter>Source Files\Engine</Filter>
    </ClCompile>
    <ClCompile Include="src\engine\Clock.cpp">
      <Filter>Source Files\Engine</Filter>
    </ClCompile>
    <ClCompile Include="src\game\World.cpp">
      <Filter>Source Files\Game</Filter>
    </ClCompile>
    <ClCompile Include="src\game\Actor.cpp">
      <Filter>Source Files\Game</Filter>
    </ClCompile>
    <ClCompile Include="src\game\Camera.cpp">
      <Filter>Source Files\Game</Filter>
    </ClCompile>
    <ClCompile Include="src\engine\ResourcesManager.cpp">
      <Filter>Source Files\Engine</Filter>
    </ClCompile>
    <ClCompile Include="src\Main.cpp">
      <Filter>Source Files</Filter>
    </ClCompile>
    <ClCompile Include="src\game\ActorComponent.cpp">
      <Filter>Source Files\Game\Components</Filter>
    </ClCompile>
    <ClCompile Include="src\game\RenderComponent.cpp">
      <Filter>Source Files\Game\Components</Filter>
    </ClCompile>
    <ClCompile Include="src\engine\Window.cpp">
      <Filter>Source Files\Engine</Filter>
    </ClCompile>
    <ClCompile Include="src\engine\RenderList.cpp">
      <Filter>Source Files\Engine</Filter>
    </ClCompile>
    <ClCompile Include="lib\imgui-d3d12\extra_fonts\binary_to_compressed_c.cpp">
      <Filter>Lib\ImGui\ExtraFonts</Filter>
    </ClCompile>
    <ClCompile Include="lib\imgui-d3d12\imgui.cpp">
      <Filter>Lib\ImGui</Filter>
    </ClCompile>
    <ClCompile Include="lib\imgui-d3d12\imgui_draw.cpp">
      <Filter>Lib\ImGui</Filter>
    </ClCompile>
    <ClCompile Include="src\dx12\DX12ImGui.cpp">
      <Filter>Source Files\DX12</Filter>
    </ClCompile>
    <ClCompile Include="src\ui\UILayer.cpp">
      <Filter>Source Files\UI</Filter>
    </ClCompile>
    <ClCompile Include="src\engine\Debug.cpp">
      <Filter>Source Files\Engine</Filter>
    </ClCompile>
    <ClCompile Include="src\ui\UIWindow.cpp">
      <Filter>Source Files\UI</Filter>
    </ClCompile>
    <ClCompile Include="src\dx12\DX12RenderTarget.cpp">
      <Filter>Source Files\DX12</Filter>
    </ClCompile>
    <ClCompile Include="src\ui\UIConsole.cpp">
      <Filter>Source Files\UI</Filter>
    </ClCompile>
    <ClCompile Include="src\engine\Console.cpp">
      <Filter>Source Files\Engine</Filter>
    </ClCompile>
    <ClCompile Include="src\engine\Utils.cpp">
      <Filter>Source Files\Engine</Filter>
    </ClCompile>
    <ClCompile Include="src\dx12\DX12RootSignature.cpp">
      <Filter>Source Files\DX12</Filter>
    </ClCompile>
    <ClCompile Include="src\dx12\DX12PipelineState.cpp">
      <Filter>Source Files\DX12</Filter>
    </ClCompile>
    <ClCompile Include="src\ui\UITexture.cpp">
      <Filter>Source Files\UI</Filter>
    </ClCompile>
    <ClCompile Include="src\ui\UIDebug.cpp">
      <Filter>Source Files\UI</Filter>
    </ClCompile>
  </ItemGroup>
  <ItemGroup>
    <ClInclude Include="lib\tinyobjloader\tiny_obj_loader.h">
      <Filter>Lib\TinyObjLoader</Filter>
    </ClInclude>
    <ClInclude Include="src\dx12\DX12Texture.h">
      <Filter>Header Files\DX12</Filter>
    </ClInclude>
    <ClInclude Include="src\dx12\DX12Utils.h">
      <Filter>Header Files\DX12</Filter>
    </ClInclude>
    <ClInclude Include="src\dx12\d3dx12.h">
      <Filter>Header Files\DX12</Filter>
    </ClInclude>
    <ClInclude Include="src\dx12\DX12ConstantBuffer.h">
      <Filter>Header Files\DX12</Filter>
    </ClInclude>
    <ClInclude Include="src\dx12\DX12Font.h">
      <Filter>Header Files\DX12</Filter>
    </ClInclude>
    <ClInclude Include="src\dx12\DX12Material.h">
      <Filter>Header Files\DX12</Filter>
    </ClInclude>
    <ClInclude Include="src\dx12\DX12Mesh.h">
      <Filter>Header Files\DX12</Filter>
    </ClInclude>
    <ClInclude Include="src\dx12\DX12MeshBuffer.h">
      <Filter>Header Files\DX12</Filter>
    </ClInclude>
    <ClInclude Include="src\dx12\DX12RenderEngine.h">
      <Filter>Header Files\DX12</Filter>
    </ClInclude>
    <ClInclude Include="src\dx12\DX12Shader.h">
      <Filter>Header Files\DX12</Filter>
    </ClInclude>
    <ClInclude Include="src\dx12\DX12Text.h">
      <Filter>Header Files\DX12</Filter>
    </ClInclude>
    <ClInclude Include="src\engine\Clock.h">
      <Filter>Header Files\Engine</Filter>
    </ClInclude>
    <ClInclude Include="src\engine\Engine.h">
      <Filter>Header Files\Engine</Filter>
    </ClInclude>
    <ClInclude Include="src\engine\Transform.h">
      <Filter>Header Files\Engine</Filter>
    </ClInclude>
    <ClInclude Include="src\game\World.h">
      <Filter>Header Files\Game</Filter>
    </ClInclude>
    <ClInclude Include="src\game\Actor.h">
      <Filter>Header Files\Game</Filter>
    </ClInclude>
    <ClInclude Include="resource.h">
      <Filter>Resource Files\Resources</Filter>
    </ClInclude>
    <ClInclude Include="src\game\Camera.h">
      <Filter>Header Files\Game</Filter>
    </ClInclude>
    <ClInclude Include="src\engine\ResourcesManager.h">
      <Filter>Header Files\Engine</Filter>
    </ClInclude>
    <ClInclude Include="src\game\ActorComponent.h">
      <Filter>Header Files\Game\Components</Filter>
    </ClInclude>
    <ClInclude Include="src\game\RenderComponent.h">
      <Filter>Header Files\Game\Components</Filter>
    </ClInclude>
    <ClInclude Include="src\engine\Window.h">
      <Filter>Header Files\Engine</Filter>
    </ClInclude>
    <ClInclude Include="src\engine\RenderList.h">
      <Filter>Header Files\Engine</Filter>
    </ClInclude>
    <ClInclude Include="lib\imgui-d3d12\imconfig.h">
      <Filter>Lib\ImGui</Filter>
    </ClInclude>
    <ClInclude Include="lib\imgui-d3d12\imgui.h">
      <Filter>Lib\ImGui</Filter>
    </ClInclude>
    <ClInclude Include="lib\imgui-d3d12\imgui_internal.h">
      <Filter>Lib\ImGui</Filter>
    </ClInclude>
    <ClInclude Include="lib\imgui-d3d12\stb_rect_pack.h">
      <Filter>Lib\ImGui</Filter>
    </ClInclude>
    <ClInclude Include="lib\imgui-d3d12\stb_textedit.h">
      <Filter>Lib\ImGui</Filter>
    </ClInclude>
    <ClInclude Include="lib\imgui-d3d12\stb_truetype.h">
      <Filter>Lib\ImGui</Filter>
    </ClInclude>
    <ClInclude Include="src\dx12\DX12ImGui.h">
      <Filter>Header Files\DX12</Filter>
    </ClInclude>
    <ClInclude Include="src\ui\UILayer.h">
      <Filter>Header Files\UI</Filter>
    </ClInclude>
    <ClInclude Include="src\engine\Debug.h">
      <Filter>Header Files\Engine</Filter>
    </ClInclude>
    <ClInclude Include="src\engine\Utils.h">
      <Filter>Header Files\Engine</Filter>
    </ClInclude>
    <ClInclude Include="src\ui\UIWindow.h">
      <Filter>Header Files\UI</Filter>
    </ClInclude>
    <ClInclude Include="src\ui\UI.h">
      <Filter>Header Files\UI</Filter>
    </ClInclude>
    <ClInclude Include="src\dx12\DX12RenderTarget.h">
      <Filter>Header Files\DX12</Filter>
    </ClInclude>
    <ClInclude Include="src\engine\Console.h">
      <Filter>Header Files\Engine</Filter>
    </ClInclude>
    <ClInclude Include="src\ui\UIConsole.h">
      <Filter>Header Files\UI</Filter>
    </ClInclude>
    <ClInclude Include="src\dx12\DX12RootSignature.h">
      <Filter>Header Files\DX12</Filter>
    </ClInclude>
    <ClInclude Include="src\dx12\DX12PipelineState.h">
      <Filter>Header Files\DX12</Filter>
    </ClInclude>
    <ClInclude Include="src\ui\UITexture.h">
      <Filter>Header Files\UI</Filter>
    </ClInclude>
    <ClInclude Include="src\ui\UIDebug.h">
      <Filter>Header Files\UI</Filter>
    </ClInclude>
  </ItemGroup>
  <ItemGroup>
    <Image Include="resources\fonts\Arial-font.png">
      <Filter>Resource Files\Fonts</Filter>
    </Image>
    <Image Include="resources\icon\icon.ico">
      <Filter>Resource Files\Icon</Filter>
    </Image>
    <Image Include="resources\tex\box.jpg">
      <Filter>Resource Files\Textures</Filter>
    </Image>
    <Image Include="resources\tex\brick_grouthless.jpg">
      <Filter>Resource Files\Textures</Filter>
    </Image>
    <Image Include="resources\tex\brick_messy.jpg">
      <Filter>Resource Files\Textures</Filter>
    </Image>
  </ItemGroup>
  <ItemGroup>
    <Object Include="resources\obj\lowpolytree.obj">
      <Filter>Resource Files\Obj</Filter>
    </Object>
    <Object Include="resources\obj\cube.obj">
      <Filter>Resource Files\Obj</Filter>
    </Object>
  </ItemGroup>
  <ItemGroup>
    <None Include="resources\fonts\Arial.fnt">
      <Filter>Resource Files\Fonts</Filter>
    </None>
    <None Include="resources\shaders\Material.hlsli">
      <Filter>Resource Files\Shaders\Lib</Filter>
    </None>
    <None Include="resources\shaders\TransformBuffer.hlsli">
      <Filter>Resource Files\Shaders\Lib</Filter>
    </None>
    <None Include="resources\shaders\GlobalBuffer.hlsli">
      <Filter>Resource Files\Shaders\Lib</Filter>
    </None>
  </ItemGroup>
  <ItemGroup>
    <ResourceCompile Include="DX12_Engine.rc">
      <Filter>Resource Files\Resources</Filter>
    </ResourceCompile>
  </ItemGroup>
  <ItemGroup>
    <FxCompile Include="resources\shaders\TextVertex.hlsl">
      <Filter>Resource Files\Shaders\Text</Filter>
    </FxCompile>
    <FxCompile Include="resources\shaders\TextPixel.hlsl">
      <Filter>Resource Files\Shaders\Text</Filter>
    </FxCompile>
    <FxCompile Include="resources\shaders\ImGuiVertex.hlsl">
      <Filter>Resource Files\Shaders\ImGui</Filter>
    </FxCompile>
    <FxCompile Include="resources\shaders\ImGuiPixel.hlsl">
      <Filter>Resource Files\Shaders\ImGui</Filter>
    </FxCompile>
    <FxCompile Include="resources\shaders\DefaultPixel.hlsl">
      <Filter>Resource Files\Shaders\Forward</Filter>
    </FxCompile>
    <FxCompile Include="resources\shaders\NormalColorVertex.hlsl">
      <Filter>Resource Files\Shaders\Forward</Filter>
    </FxCompile>
    <FxCompile Include="resources\shaders\NormalTexPixel.hlsl">
      <Filter>Resource Files\Shaders\Forward</Filter>
    </FxCompile>
    <FxCompile Include="resources\shaders\NormalTexVertex.hlsl">
      <Filter>Resource Files\Shaders\Forward</Filter>
    </FxCompile>
    <FxCompile Include="resources\shaders\NormalVertex.hlsl">
      <Filter>Resource Files\Shaders\Forward</Filter>
    </FxCompile>
  </ItemGroup>
</Project>